# THIS IS AN AUTOGENERATED FILE. DO NOT EDIT THIS FILE DIRECTLY.
# yarn lockfile v1


"@aws-cdk/cloud-assembly-schema@1.124.0":
  version "1.124.0"
  resolved "https://registry.yarnpkg.com/@aws-cdk/cloud-assembly-schema/-/cloud-assembly-schema-1.124.0.tgz#fcfa4051933a914073bc841af5b462bf74f309ea"
  integrity sha512-emrkfHetGoh6lhrT7ato06VAZun1UVYjJueL9avHxFgzX5qiobP4iWk6M0EZpk7yHlDOtJtp86MJalYYMS6Oww==
  dependencies:
    jsonschema "^1.4.0"
    semver "^7.3.5"

"@aws-cdk/core@^1.124.0":
  version "1.124.0"
  resolved "https://registry.yarnpkg.com/@aws-cdk/core/-/core-1.124.0.tgz#9187e0ce69225ad58feb11ec95c92cebaeddca53"
  integrity sha512-QsTLvOuF+WJdtF11Bwuh+THWry7OmErs3XDaiHFweZPLMc2O3EEQvCgSKstH7Y9HUTpW7ZSGQHryxCjpTl1Wmg==
  dependencies:
    "@aws-cdk/cloud-assembly-schema" "1.124.0"
    "@aws-cdk/cx-api" "1.124.0"
    "@aws-cdk/region-info" "1.124.0"
    "@balena/dockerignore" "^1.0.2"
    constructs "^3.3.69"
    fs-extra "^9.1.0"
    ignore "^5.1.8"
    minimatch "^3.0.4"

"@aws-cdk/cx-api@1.124.0":
  version "1.124.0"
  resolved "https://registry.yarnpkg.com/@aws-cdk/cx-api/-/cx-api-1.124.0.tgz#456877af5fe5d9eef8e9ce1d896ee15960024b24"
  integrity sha512-InBcAoFJ0Ail7/IhJhhw2OwGyWgBv4HShRA20/czxvlQ2pOezcUxQOCJr5USM6dGvTOlDL38XVrw469m9boUzw==
  dependencies:
    "@aws-cdk/cloud-assembly-schema" "1.124.0"
    semver "^7.3.5"

"@aws-cdk/region-info@1.124.0":
  version "1.124.0"
  resolved "https://registry.yarnpkg.com/@aws-cdk/region-info/-/region-info-1.124.0.tgz#541a6372b89a3385cc0cf3e2d71f1b917503be24"
  integrity sha512-v8Msal5kCv5Juscj6Dxjzx4HHiYKD3rWDLBAvaDN/V3zCNGga3s8M2aM/n7po7HLjVW333VzyuOCHBYnSrtMIg==

"@aws-crypto/ie11-detection@^1.0.0":
  version "1.0.0"
  resolved "https://registry.yarnpkg.com/@aws-crypto/ie11-detection/-/ie11-detection-1.0.0.tgz#d3a6af29ba7f15458f79c41d1cd8cac3925e726a"
  integrity sha512-kCKVhCF1oDxFYgQrxXmIrS5oaWulkvRcPz+QBDMsUr2crbF4VGgGT6+uQhSwJFdUAQ2A//Vq+uT83eJrkzFgXA==
  dependencies:
    tslib "^1.11.1"

"@aws-crypto/sha256-browser@^1.0.0":
  version "1.2.1"
  resolved "https://registry.yarnpkg.com/@aws-crypto/sha256-browser/-/sha256-browser-1.2.1.tgz#b75b89a63039f97667e61ac92c9c4ee04f35fec0"
  integrity sha512-WX/Wp6sXPhcBWx/w1aSJv3bDJL0ut5Ik6hl7yfqA1pn3cfsahl4rgHzRRXqYfJ+hnhnCqdgadS17wyBbVPsK+w==
  dependencies:
    "@aws-crypto/ie11-detection" "^1.0.0"
    "@aws-crypto/sha256-js" "^1.2.1"
    "@aws-crypto/supports-web-crypto" "^1.0.0"
    "@aws-crypto/util" "^1.2.1"
    "@aws-sdk/types" "^3.1.0"
    "@aws-sdk/util-locate-window" "^3.0.0"
    tslib "^1.11.1"

"@aws-crypto/sha256-js@^1.0.0", "@aws-crypto/sha256-js@^1.2.1":
  version "1.2.1"
  resolved "https://registry.yarnpkg.com/@aws-crypto/sha256-js/-/sha256-js-1.2.1.tgz#88c6c0cfff7f269b21740c71157987837da502df"
  integrity sha512-KtZ4qFDWZy6pKcky6RvwSytR/I8vPX9Z47pXh9sOuTcxjjtcegzS2uupg9vo0vbFcAWkSHVOEmNPh6ygiC3VFQ==
  dependencies:
    "@aws-crypto/util" "^1.2.1"
    "@aws-sdk/types" "^3.1.0"
    tslib "^1.11.1"

"@aws-crypto/supports-web-crypto@^1.0.0":
  version "1.0.0"
  resolved "https://registry.yarnpkg.com/@aws-crypto/supports-web-crypto/-/supports-web-crypto-1.0.0.tgz#c40901bc17ac1e875e248df16a2b47ad8bfd9a93"
  integrity sha512-IHLfv+WmVH89EW4n6a5eE8/hUlz6qkWGMn/v4r5ZgzcXdTC5nolii2z3k46y01hWRiC2PPhOdeSLzMUCUMco7g==
  dependencies:
    tslib "^1.11.1"

"@aws-crypto/util@^1.2.1":
  version "1.2.1"
  resolved "https://registry.yarnpkg.com/@aws-crypto/util/-/util-1.2.1.tgz#9bd31a37843aca63829a8fcae6b897283bf6ff12"
  integrity sha512-H6Qrl28lzGGXZgLkdP7DQpJ3D3jJagQJugziThcqZCJVUT0HABHJt9EQMiiuf93KcUV/MMoisl56UfCxCFfmWQ==
  dependencies:
    "@aws-sdk/types" "^3.1.0"
    "@aws-sdk/util-utf8-browser" "^3.0.0"
    tslib "^1.11.1"

"@aws-sdk/abort-controller@3.34.0":
  version "3.34.0"
  resolved "https://registry.yarnpkg.com/@aws-sdk/abort-controller/-/abort-controller-3.34.0.tgz#35c4daee7c8343f2040249c90c4f6bd22ecbf7f2"
  integrity sha512-+Qz8/e5sieViXW2qKbfGsXt73Mo87duI2n8HwfDmshjPRXBjpaN478bFHmAjvq9L4MbvW3hSL0mEGrpPErP9Tw==
  dependencies:
    "@aws-sdk/types" "3.34.0"
    tslib "^2.3.0"

"@aws-sdk/client-sqs@^3.34.0":
  version "3.34.0"
  resolved "https://registry.yarnpkg.com/@aws-sdk/client-sqs/-/client-sqs-3.34.0.tgz#6dc8f85eaa6a05d25582c61d06f40cd55a5cdb31"
  integrity sha512-L6k2ZPEPFyYG9NfgkemJw7hfVwzD3jwxAnUuTgNGpJdwq6gW/F7ZaoN6/gA3zuBwptGL4VlJzUo4gMBdvoZKOw==
  dependencies:
    "@aws-crypto/sha256-browser" "^1.0.0"
    "@aws-crypto/sha256-js" "^1.0.0"
    "@aws-sdk/client-sts" "3.34.0"
    "@aws-sdk/config-resolver" "3.34.0"
    "@aws-sdk/credential-provider-node" "3.34.0"
    "@aws-sdk/fetch-http-handler" "3.34.0"
    "@aws-sdk/hash-node" "3.34.0"
    "@aws-sdk/invalid-dependency" "3.34.0"
    "@aws-sdk/md5-js" "3.34.0"
    "@aws-sdk/middleware-content-length" "3.34.0"
    "@aws-sdk/middleware-host-header" "3.34.0"
    "@aws-sdk/middleware-logger" "3.34.0"
    "@aws-sdk/middleware-retry" "3.34.0"
    "@aws-sdk/middleware-sdk-sqs" "3.34.0"
    "@aws-sdk/middleware-serde" "3.34.0"
    "@aws-sdk/middleware-signing" "3.34.0"
    "@aws-sdk/middleware-stack" "3.34.0"
    "@aws-sdk/middleware-user-agent" "3.34.0"
    "@aws-sdk/node-config-provider" "3.34.0"
    "@aws-sdk/node-http-handler" "3.34.0"
    "@aws-sdk/protocol-http" "3.34.0"
    "@aws-sdk/smithy-client" "3.34.0"
    "@aws-sdk/types" "3.34.0"
    "@aws-sdk/url-parser" "3.34.0"
    "@aws-sdk/util-base64-browser" "3.34.0"
    "@aws-sdk/util-base64-node" "3.34.0"
    "@aws-sdk/util-body-length-browser" "3.34.0"
    "@aws-sdk/util-body-length-node" "3.34.0"
    "@aws-sdk/util-user-agent-browser" "3.34.0"
    "@aws-sdk/util-user-agent-node" "3.34.0"
    "@aws-sdk/util-utf8-browser" "3.34.0"
    "@aws-sdk/util-utf8-node" "3.34.0"
    entities "2.2.0"
    fast-xml-parser "3.19.0"
    tslib "^2.3.0"

"@aws-sdk/client-sso@3.34.0":
  version "3.34.0"
  resolved "https://registry.yarnpkg.com/@aws-sdk/client-sso/-/client-sso-3.34.0.tgz#4b663b604b57d231a2256f36e0224597f0141ec4"
  integrity sha512-2eBbOF1AssSSYCCelTYdJabyY46dvc5AjHWzAhCPI4mpvKp5UtIxjmV8MmlKhS3WmPHZEpUNYnjou9uc86MCqA==
  dependencies:
    "@aws-crypto/sha256-browser" "^1.0.0"
    "@aws-crypto/sha256-js" "^1.0.0"
    "@aws-sdk/config-resolver" "3.34.0"
    "@aws-sdk/fetch-http-handler" "3.34.0"
    "@aws-sdk/hash-node" "3.34.0"
    "@aws-sdk/invalid-dependency" "3.34.0"
    "@aws-sdk/middleware-content-length" "3.34.0"
    "@aws-sdk/middleware-host-header" "3.34.0"
    "@aws-sdk/middleware-logger" "3.34.0"
    "@aws-sdk/middleware-retry" "3.34.0"
    "@aws-sdk/middleware-serde" "3.34.0"
    "@aws-sdk/middleware-stack" "3.34.0"
    "@aws-sdk/middleware-user-agent" "3.34.0"
    "@aws-sdk/node-config-provider" "3.34.0"
    "@aws-sdk/node-http-handler" "3.34.0"
    "@aws-sdk/protocol-http" "3.34.0"
    "@aws-sdk/smithy-client" "3.34.0"
    "@aws-sdk/types" "3.34.0"
    "@aws-sdk/url-parser" "3.34.0"
    "@aws-sdk/util-base64-browser" "3.34.0"
    "@aws-sdk/util-base64-node" "3.34.0"
    "@aws-sdk/util-body-length-browser" "3.34.0"
    "@aws-sdk/util-body-length-node" "3.34.0"
    "@aws-sdk/util-user-agent-browser" "3.34.0"
    "@aws-sdk/util-user-agent-node" "3.34.0"
    "@aws-sdk/util-utf8-browser" "3.34.0"
    "@aws-sdk/util-utf8-node" "3.34.0"
    tslib "^2.3.0"

"@aws-sdk/client-sts@3.34.0":
  version "3.34.0"
  resolved "https://registry.yarnpkg.com/@aws-sdk/client-sts/-/client-sts-3.34.0.tgz#716fa7d161cf79950f7e8e369fdb0ecd847c2031"
  integrity sha512-jC+Z779fOyU8kk+Xlbu0Mox2mku91X40jZ0TAxNNEhe0i5mOxv8/L2SkE2daKTQxXBem/gTctQmrZ9g4fRm7dw==
  dependencies:
    "@aws-crypto/sha256-browser" "^1.0.0"
    "@aws-crypto/sha256-js" "^1.0.0"
    "@aws-sdk/config-resolver" "3.34.0"
    "@aws-sdk/credential-provider-node" "3.34.0"
    "@aws-sdk/fetch-http-handler" "3.34.0"
    "@aws-sdk/hash-node" "3.34.0"
    "@aws-sdk/invalid-dependency" "3.34.0"
    "@aws-sdk/middleware-content-length" "3.34.0"
    "@aws-sdk/middleware-host-header" "3.34.0"
    "@aws-sdk/middleware-logger" "3.34.0"
    "@aws-sdk/middleware-retry" "3.34.0"
    "@aws-sdk/middleware-sdk-sts" "3.34.0"
    "@aws-sdk/middleware-serde" "3.34.0"
    "@aws-sdk/middleware-signing" "3.34.0"
    "@aws-sdk/middleware-stack" "3.34.0"
    "@aws-sdk/middleware-user-agent" "3.34.0"
    "@aws-sdk/node-config-provider" "3.34.0"
    "@aws-sdk/node-http-handler" "3.34.0"
    "@aws-sdk/protocol-http" "3.34.0"
    "@aws-sdk/smithy-client" "3.34.0"
    "@aws-sdk/types" "3.34.0"
    "@aws-sdk/url-parser" "3.34.0"
    "@aws-sdk/util-base64-browser" "3.34.0"
    "@aws-sdk/util-base64-node" "3.34.0"
    "@aws-sdk/util-body-length-browser" "3.34.0"
    "@aws-sdk/util-body-length-node" "3.34.0"
    "@aws-sdk/util-user-agent-browser" "3.34.0"
    "@aws-sdk/util-user-agent-node" "3.34.0"
    "@aws-sdk/util-utf8-browser" "3.34.0"
    "@aws-sdk/util-utf8-node" "3.34.0"
    entities "2.2.0"
    fast-xml-parser "3.19.0"
    tslib "^2.3.0"

"@aws-sdk/config-resolver@3.34.0":
  version "3.34.0"
  resolved "https://registry.yarnpkg.com/@aws-sdk/config-resolver/-/config-resolver-3.34.0.tgz#b1bc09de26773401277cf6035e23993a20b4e449"
  integrity sha512-goAv4oFpDhsnCJehf0Cr0s4bCxOmfj5fz/SZXsLJbW3rGh8CE+s9hxkFqa1JBR/AN+OBDZ8NRRFIYwnftq9+xw==
  dependencies:
    "@aws-sdk/signature-v4" "3.34.0"
    "@aws-sdk/types" "3.34.0"
    tslib "^2.3.0"

"@aws-sdk/credential-provider-env@3.34.0":
  version "3.34.0"
  resolved "https://registry.yarnpkg.com/@aws-sdk/credential-provider-env/-/credential-provider-env-3.34.0.tgz#ec1f3278af425ae9764dd33e446a93f71e13132f"
  integrity sha512-vbsLvcZ1gPnjcToSNYMmc0YR1xz4WzkubpFGVXfwcG3iJcQnu+gKXWeCVEfVrjprlNHuqWXnCCi0rNIncKVavQ==
  dependencies:
    "@aws-sdk/property-provider" "3.34.0"
    "@aws-sdk/types" "3.34.0"
    tslib "^2.3.0"

"@aws-sdk/credential-provider-imds@3.34.0":
  version "3.34.0"
  resolved "https://registry.yarnpkg.com/@aws-sdk/credential-provider-imds/-/credential-provider-imds-3.34.0.tgz#6ddffd72ba654d140b6f83425ceceadd4cba2ef4"
  integrity sha512-f56md7Xpd7nzkvRFoAaGf3VCXLuNN0jHh9HQFx4VnrQtp9dcVJK1G/2hYl1dlHFIvHBupWKOnzuUplyxyV55pQ==
  dependencies:
    "@aws-sdk/node-config-provider" "3.34.0"
    "@aws-sdk/property-provider" "3.34.0"
    "@aws-sdk/types" "3.34.0"
    "@aws-sdk/url-parser" "3.34.0"
    tslib "^2.3.0"

"@aws-sdk/credential-provider-ini@3.34.0":
  version "3.34.0"
  resolved "https://registry.yarnpkg.com/@aws-sdk/credential-provider-ini/-/credential-provider-ini-3.34.0.tgz#879da3464b1e7f326222f995fcfe896231467013"
  integrity sha512-8SPeje+0tnGPbQ21+TESNE7B8PaIuEGxbkvbMSCm+cKij8Oo6N+StSGZh+0FJhlh+QptWjR/yaH0MKYpIUFUGw==
  dependencies:
    "@aws-sdk/credential-provider-env" "3.34.0"
    "@aws-sdk/credential-provider-imds" "3.34.0"
    "@aws-sdk/credential-provider-sso" "3.34.0"
    "@aws-sdk/credential-provider-web-identity" "3.34.0"
    "@aws-sdk/property-provider" "3.34.0"
    "@aws-sdk/shared-ini-file-loader" "3.34.0"
    "@aws-sdk/types" "3.34.0"
    "@aws-sdk/util-credentials" "3.34.0"
    tslib "^2.3.0"

"@aws-sdk/credential-provider-node@3.34.0":
  version "3.34.0"
  resolved "https://registry.yarnpkg.com/@aws-sdk/credential-provider-node/-/credential-provider-node-3.34.0.tgz#059d548dece894e1b7b356e50065ca7ac2881a99"
  integrity sha512-aZkBWHe9bVNraQlhHageKPaxrZGGIFBTKJ1WT19cHZVnCj8ufCoogvct28eW1SEucn1jPBWPFhaX3/0y16Bc6Q==
  dependencies:
    "@aws-sdk/credential-provider-env" "3.34.0"
    "@aws-sdk/credential-provider-imds" "3.34.0"
    "@aws-sdk/credential-provider-ini" "3.34.0"
    "@aws-sdk/credential-provider-process" "3.34.0"
    "@aws-sdk/credential-provider-sso" "3.34.0"
    "@aws-sdk/credential-provider-web-identity" "3.34.0"
    "@aws-sdk/property-provider" "3.34.0"
    "@aws-sdk/shared-ini-file-loader" "3.34.0"
    "@aws-sdk/types" "3.34.0"
    "@aws-sdk/util-credentials" "3.34.0"
    tslib "^2.3.0"

"@aws-sdk/credential-provider-process@3.34.0":
  version "3.34.0"
  resolved "https://registry.yarnpkg.com/@aws-sdk/credential-provider-process/-/credential-provider-process-3.34.0.tgz#0b46db054662976e76c721e69a4ad896ffdb4bd2"
  integrity sha512-4n07qYfLLzjTLyrQTT7iuZTlKZLYyKT4yFjnKyJT3dOoFyW4jWFWjZyicY9TNg4D4f2ya6P3w+H+03DGof0Opw==
  dependencies:
    "@aws-sdk/property-provider" "3.34.0"
    "@aws-sdk/shared-ini-file-loader" "3.34.0"
    "@aws-sdk/types" "3.34.0"
    "@aws-sdk/util-credentials" "3.34.0"
    tslib "^2.3.0"

"@aws-sdk/credential-provider-sso@3.34.0":
  version "3.34.0"
  resolved "https://registry.yarnpkg.com/@aws-sdk/credential-provider-sso/-/credential-provider-sso-3.34.0.tgz#ac241429a04a67ff8f0403e74ed664e53a150ab1"
  integrity sha512-/xyUHA8o5dIaMoKVigjeIgGI1ofGBsVmb1cK16m3w0CDDUgyoEeQD+pust68rYiyuuhgaRqnRtVvjysPPJPMaA==
  dependencies:
    "@aws-sdk/client-sso" "3.34.0"
    "@aws-sdk/property-provider" "3.34.0"
    "@aws-sdk/shared-ini-file-loader" "3.34.0"
    "@aws-sdk/types" "3.34.0"
    "@aws-sdk/util-credentials" "3.34.0"
    tslib "^2.3.0"

"@aws-sdk/credential-provider-web-identity@3.34.0":
  version "3.34.0"
  resolved "https://registry.yarnpkg.com/@aws-sdk/credential-provider-web-identity/-/credential-provider-web-identity-3.34.0.tgz#54c4ef1d54e7007bde9751769b4b1d15833353f3"
  integrity sha512-4YvuKL2TOyEuktU7v1objIc9PoDMSm2Fxp90KJckitcGnLMsdcaoIV9GgF5nIZrZ7tOUg2ultamCJUkUFZYLMA==
  dependencies:
    "@aws-sdk/property-provider" "3.34.0"
    "@aws-sdk/types" "3.34.0"
    tslib "^2.3.0"

"@aws-sdk/fetch-http-handler@3.34.0":
  version "3.34.0"
  resolved "https://registry.yarnpkg.com/@aws-sdk/fetch-http-handler/-/fetch-http-handler-3.34.0.tgz#36b3689fcc228eaab986261a842198a629fdee8a"
  integrity sha512-evcyWkI0xsQYjSZOzYy+1ke8CwzOaUpg0+tCLPQwG4GKC+GmRWd0ABrxs8OmPBo4SHPQvDpUakX0CRiZu/gm/g==
  dependencies:
    "@aws-sdk/protocol-http" "3.34.0"
    "@aws-sdk/querystring-builder" "3.34.0"
    "@aws-sdk/types" "3.34.0"
    "@aws-sdk/util-base64-browser" "3.34.0"
    tslib "^2.3.0"

"@aws-sdk/hash-node@3.34.0":
  version "3.34.0"
  resolved "https://registry.yarnpkg.com/@aws-sdk/hash-node/-/hash-node-3.34.0.tgz#3734fab2dcbd55592592fc2143f6b243c093825b"
  integrity sha512-gAPr7p+MgLJ75YRQSELidq0bU/RduPI+kjyY516Od79CNwwe9DEN2JeQakXN3lUfExgp38P9onsRr1d6wKP4EQ==
  dependencies:
    "@aws-sdk/types" "3.34.0"
    "@aws-sdk/util-buffer-from" "3.34.0"
    tslib "^2.3.0"

"@aws-sdk/invalid-dependency@3.34.0":
  version "3.34.0"
  resolved "https://registry.yarnpkg.com/@aws-sdk/invalid-dependency/-/invalid-dependency-3.34.0.tgz#818637b8631b6b90ee853114afc5c5ec84e27ccd"
  integrity sha512-Seaiu1fT9k7F03KVi/rVf+buRAyAEAzg66ryg14GQW/cei/b/uD4+Gohyk+mRnMqDh4nNluCaktzhr7wSZGeVA==
  dependencies:
    "@aws-sdk/types" "3.34.0"
    tslib "^2.3.0"

"@aws-sdk/is-array-buffer@3.34.0":
  version "3.34.0"
  resolved "https://registry.yarnpkg.com/@aws-sdk/is-array-buffer/-/is-array-buffer-3.34.0.tgz#99c72146882ec3e01ddb265d87316f424623c8fb"
  integrity sha512-YOblEaT5Fq7qHys8mSrNdJS3ZUsLviYyOk6q3ixmHPFcFpO3etGr5AnlDSFqlSm0jnX/0irmp3fbF96kMKLtUg==
  dependencies:
    tslib "^2.3.0"

"@aws-sdk/md5-js@3.34.0":
  version "3.34.0"
  resolved "https://registry.yarnpkg.com/@aws-sdk/md5-js/-/md5-js-3.34.0.tgz#97390bf2b0a5c4fb405d8e0884e974e24b2ca09d"
  integrity sha512-fQUDtojAzKyqKKJe/LhpZtDOI6fV+7PeBTtaFQxB3MamPMBUHlT70Wf5j59tcKZPrnkwJBP43CbXnNjZ0BLMzQ==
  dependencies:
    "@aws-sdk/types" "3.34.0"
    "@aws-sdk/util-utf8-browser" "3.34.0"
    "@aws-sdk/util-utf8-node" "3.34.0"
    tslib "^2.3.0"

"@aws-sdk/middleware-content-length@3.34.0":
  version "3.34.0"
  resolved "https://registry.yarnpkg.com/@aws-sdk/middleware-content-length/-/middleware-content-length-3.34.0.tgz#6df02122a7dd6108a6c9cd81328545f0ba07c33a"
  integrity sha512-+5NnSDEDxcAWXDQSXe1P+Dywrb6sYKSaoiu+kNcYB21mTwG3i9St1A2Q0wNMsdRMRVwSg/lJV5MbY5Mbk0+D5w==
  dependencies:
    "@aws-sdk/protocol-http" "3.34.0"
    "@aws-sdk/types" "3.34.0"
    tslib "^2.3.0"

"@aws-sdk/middleware-host-header@3.34.0":
  version "3.34.0"
  resolved "https://registry.yarnpkg.com/@aws-sdk/middleware-host-header/-/middleware-host-header-3.34.0.tgz#bb6c085591c7ac872e27b55482334d63cb0b14b6"
  integrity sha512-3ZcBTicauGp0reKQ8Pw8ardk9kRTO7/lWAKGV7f0PnfOoGn+zUqVP0qvaHL3VNVdTJEz6fkkU7pJ0duCVCnpmA==
  dependencies:
    "@aws-sdk/protocol-http" "3.34.0"
    "@aws-sdk/types" "3.34.0"
    tslib "^2.3.0"

"@aws-sdk/middleware-logger@3.34.0":
  version "3.34.0"
  resolved "https://registry.yarnpkg.com/@aws-sdk/middleware-logger/-/middleware-logger-3.34.0.tgz#2ba8556c355d286d1186e2ef8ae9f7314b3bfbd6"
  integrity sha512-EBVp3tkEbMSW9ikMzejucYLOf+G98+vGqWSkvGbR0N8lBHs2za+fufBqknEY8lD7a8RLFQ3enevl8DMJ9d75pA==
  dependencies:
    "@aws-sdk/types" "3.34.0"
    tslib "^2.3.0"

"@aws-sdk/middleware-retry@3.34.0":
  version "3.34.0"
  resolved "https://registry.yarnpkg.com/@aws-sdk/middleware-retry/-/middleware-retry-3.34.0.tgz#b760ac22dceaa573d89bdb31ab348ac146744510"
  integrity sha512-PKWlJWhr7b3jEsTDRBXf7mIUkjnGMQiYvNs3G1kdwrySbii2yEOlwy7KXAAo/TCwuL10W+HZG7EZwkwXNg7LTQ==
  dependencies:
    "@aws-sdk/protocol-http" "3.34.0"
    "@aws-sdk/service-error-classification" "3.34.0"
    "@aws-sdk/types" "3.34.0"
    tslib "^2.3.0"
    uuid "^8.3.2"

"@aws-sdk/middleware-sdk-sqs@3.34.0":
  version "3.34.0"
  resolved "https://registry.yarnpkg.com/@aws-sdk/middleware-sdk-sqs/-/middleware-sdk-sqs-3.34.0.tgz#892d9ce22e306c8bfe7345635c2e9bd1dcd2596c"
  integrity sha512-PER9Vq14evjZ4/gXKiXS0pvTwNbPayPTQdKuT9FR2IBD7peJUt0xcDd0hgFhXgd/+oSq9T0e8xjX20wdzfJbIQ==
  dependencies:
    "@aws-sdk/types" "3.34.0"
    "@aws-sdk/util-hex-encoding" "3.34.0"
    tslib "^2.3.0"

"@aws-sdk/middleware-sdk-sts@3.34.0":
  version "3.34.0"
  resolved "https://registry.yarnpkg.com/@aws-sdk/middleware-sdk-sts/-/middleware-sdk-sts-3.34.0.tgz#aabd30de0e50a01afa821e8f4ecc8435c3639cc5"
  integrity sha512-tJPkij4H0z4AbjOnRlcUP99dJud4SlH9fYfnxQ1CeG1PO0Zz1zTEc+2Sc93068bS4K4nrD4QaVsoOokvjW/4MQ==
  dependencies:
    "@aws-sdk/middleware-signing" "3.34.0"
    "@aws-sdk/property-provider" "3.34.0"
    "@aws-sdk/protocol-http" "3.34.0"
    "@aws-sdk/signature-v4" "3.34.0"
    "@aws-sdk/types" "3.34.0"
    tslib "^2.3.0"

"@aws-sdk/middleware-serde@3.34.0":
  version "3.34.0"
  resolved "https://registry.yarnpkg.com/@aws-sdk/middleware-serde/-/middleware-serde-3.34.0.tgz#4c329f6dd6ef60a2be88bcb2becaf64152425639"
  integrity sha512-oU2oa6hy1+DrFROD+K00NkRNdrsNgryay6rCA/jSUfwGEFmvN3iANTgXkEEvEKCSYqyh/ai998jk+6v60ChFBQ==
  dependencies:
    "@aws-sdk/types" "3.34.0"
    tslib "^2.3.0"

"@aws-sdk/middleware-signing@3.34.0":
  version "3.34.0"
  resolved "https://registry.yarnpkg.com/@aws-sdk/middleware-signing/-/middleware-signing-3.34.0.tgz#a33a51b22be0bc9a464f962f4e48a8d1282344fc"
  integrity sha512-dlxyxIg6Mrjx6GzUVQoQV9M/n3kEvs6aMEzR3DTF0i8CGqWtKXE5OZhsjLVRflVOejONM7NEXwNeFHr+lQ4Z9w==
  dependencies:
    "@aws-sdk/property-provider" "3.34.0"
    "@aws-sdk/protocol-http" "3.34.0"
    "@aws-sdk/signature-v4" "3.34.0"
    "@aws-sdk/types" "3.34.0"
    tslib "^2.3.0"

"@aws-sdk/middleware-stack@3.34.0":
  version "3.34.0"
  resolved "https://registry.yarnpkg.com/@aws-sdk/middleware-stack/-/middleware-stack-3.34.0.tgz#2e76f8c03557d784bfafa7f517cbbeb27c38f580"
  integrity sha512-7WI+spzWcTYWIP0MwTDlE+LsWGlpZq44mvRGnNHDjnTjqfr5C3kWSc86fedujvbaW5ZGTes5NGmKQf/PqAmUqQ==
  dependencies:
    tslib "^2.3.0"

"@aws-sdk/middleware-user-agent@3.34.0":
  version "3.34.0"
  resolved "https://registry.yarnpkg.com/@aws-sdk/middleware-user-agent/-/middleware-user-agent-3.34.0.tgz#ad8e37578a0e2baba2cd2f9a652daea5e71c9f64"
  integrity sha512-EZBy0fNhuenzxlVAx2GcgBFOGCTyHs1Gg1GB/qUIhqZ2MHY66Yogj4BqPkiOg+zo7nFwCjWQ9LRypYZYXCWMLw==
  dependencies:
    "@aws-sdk/protocol-http" "3.34.0"
    "@aws-sdk/types" "3.34.0"
    tslib "^2.3.0"

"@aws-sdk/node-config-provider@3.34.0":
  version "3.34.0"
  resolved "https://registry.yarnpkg.com/@aws-sdk/node-config-provider/-/node-config-provider-3.34.0.tgz#5280260700316929ca28347da4d4773a47a733d8"
  integrity sha512-VPDYLNkwvhAlhSWecMbmiXpa/n20i9S4z0/+pSB4kXT73MvH3us77ecYXD5g8IIRrAR+Oaq8hrQLDP88bbte9g==
  dependencies:
    "@aws-sdk/property-provider" "3.34.0"
    "@aws-sdk/shared-ini-file-loader" "3.34.0"
    "@aws-sdk/types" "3.34.0"
    tslib "^2.3.0"

"@aws-sdk/node-http-handler@3.34.0":
  version "3.34.0"
  resolved "https://registry.yarnpkg.com/@aws-sdk/node-http-handler/-/node-http-handler-3.34.0.tgz#17e76f6feeb4f5c62c6e3ebb8c981ec146e4fbda"
  integrity sha512-Fyf0VsgatDr3puqIA4CHTqVKUPBveq0skQhXyPDXxXIllxExpqcrWu8fFqE2DalCqiDiDC7zR8Yh56syiBxmvA==
  dependencies:
    "@aws-sdk/abort-controller" "3.34.0"
    "@aws-sdk/protocol-http" "3.34.0"
    "@aws-sdk/querystring-builder" "3.34.0"
    "@aws-sdk/types" "3.34.0"
    tslib "^2.3.0"

"@aws-sdk/property-provider@3.34.0":
  version "3.34.0"
  resolved "https://registry.yarnpkg.com/@aws-sdk/property-provider/-/property-provider-3.34.0.tgz#64f84be6d486e986852bc36d17559e923c64bc99"
  integrity sha512-Xkj6l14bYhKnzUXenBn8TANvR5p4pzLZF8Uk/pCVYZFgotOd5gVTC89SAQa4Lw2PzwoTqOsWKglS7CWi4KaBDg==
  dependencies:
    "@aws-sdk/types" "3.34.0"
    tslib "^2.3.0"

"@aws-sdk/protocol-http@3.34.0":
  version "3.34.0"
  resolved "https://registry.yarnpkg.com/@aws-sdk/protocol-http/-/protocol-http-3.34.0.tgz#7eb22d1f772f92818d62bb6204d76d1926f81931"
  integrity sha512-VPzI/VcDXqoWcyJNc0p/ee1pjGXFC8PmaZwK7PO3FkNEa8BE/9IbfVg3AGIekEDIXwpdZAjQeLCmOsMx866S2Q==
  dependencies:
    "@aws-sdk/types" "3.34.0"
    tslib "^2.3.0"

"@aws-sdk/querystring-builder@3.34.0":
  version "3.34.0"
  resolved "https://registry.yarnpkg.com/@aws-sdk/querystring-builder/-/querystring-builder-3.34.0.tgz#38bb4c6d1bd0e12d8064553c0245b75bfbd44108"
  integrity sha512-lDkJPvDsR+Ou0NIWUJlVCpi6vDNaPVgxtP2r/4kktoSYzwFz4UCkmKcDRdL4cxEZ6LYA0QkjtkyfQotoZMuIXA==
  dependencies:
    "@aws-sdk/types" "3.34.0"
    "@aws-sdk/util-uri-escape" "3.34.0"
    tslib "^2.3.0"

"@aws-sdk/querystring-parser@3.34.0":
  version "3.34.0"
  resolved "https://registry.yarnpkg.com/@aws-sdk/querystring-parser/-/querystring-parser-3.34.0.tgz#213d21fb5312d804ddb741d3796d8a6744232572"
  integrity sha512-IMpHNQOSPVk7qaDDaFL6xmTW4VuMbTxyhRdrVmxZXWWgRvMRs2chjXdq3iyTtpnKq5GNnEdPY7udjfWqYoaN8A==
  dependencies:
    "@aws-sdk/types" "3.34.0"
    tslib "^2.3.0"

"@aws-sdk/service-error-classification@3.34.0":
  version "3.34.0"
  resolved "https://registry.yarnpkg.com/@aws-sdk/service-error-classification/-/service-error-classification-3.34.0.tgz#9302562c7862c1f1d47e82d8e7d6eafed50a8327"
  integrity sha512-RYmgfrGSfULduJf753rMlK0E+NoK6PUaACb5eiVKoGyo8NpzDFcDWVL2yAb40tAqI7ahhWz1uqGzb1sRPWSAIg==

"@aws-sdk/shared-ini-file-loader@3.34.0":
  version "3.34.0"
  resolved "https://registry.yarnpkg.com/@aws-sdk/shared-ini-file-loader/-/shared-ini-file-loader-3.34.0.tgz#cbe5dfcb35aa656d2800e728853f8a7d954272ab"
  integrity sha512-zh238/JYpP9+7FkCODH+UYqL1StbBtidFOt8Vmo4MNdh10R31XImnL0npdhRLiZSkOoatpHc+ViCOeH+I67QiQ==
  dependencies:
    tslib "^2.3.0"

"@aws-sdk/signature-v4@3.34.0":
  version "3.34.0"
  resolved "https://registry.yarnpkg.com/@aws-sdk/signature-v4/-/signature-v4-3.34.0.tgz#57a378fafe2c4e4395db9b16479d5397ef8fc048"
  integrity sha512-oKW5Frsu4TMc/8eLcRE4kdgKj1XqsVCry9VdjDgNpx37aeH7oggg75YDU+UZuhdF++hDr6uCa+DYxtluQ8g9sg==
  dependencies:
    "@aws-sdk/is-array-buffer" "3.34.0"
    "@aws-sdk/types" "3.34.0"
    "@aws-sdk/util-hex-encoding" "3.34.0"
    "@aws-sdk/util-uri-escape" "3.34.0"
    tslib "^2.3.0"

"@aws-sdk/smithy-client@3.34.0":
  version "3.34.0"
  resolved "https://registry.yarnpkg.com/@aws-sdk/smithy-client/-/smithy-client-3.34.0.tgz#4b982823c804beff373723461a6057d26442ac5e"
  integrity sha512-nhLNpqehOYuBVr2f2LodMbO1j8J97WBTjfiyosUhVh36WDmSCPu4LjAJuzOLPF6LXp4fBK0BA04rJQA6nyFC0g==
  dependencies:
    "@aws-sdk/middleware-stack" "3.34.0"
    "@aws-sdk/types" "3.34.0"
    tslib "^2.3.0"

"@aws-sdk/types@3.34.0", "@aws-sdk/types@^3.1.0":
  version "3.34.0"
  resolved "https://registry.yarnpkg.com/@aws-sdk/types/-/types-3.34.0.tgz#832a802838d0f0ae568db8e3ce1ee550f05bb4b4"
  integrity sha512-rx9mJp+yKEgb6HVyMtytG+45xwiX3eaHy1VrPC0RV/Uxym1iGyFmpHYo+0/UgL1BTRrJXLA9gTfj15H5kyZ6/Q==

"@aws-sdk/url-parser@3.34.0":
  version "3.34.0"
  resolved "https://registry.yarnpkg.com/@aws-sdk/url-parser/-/url-parser-3.34.0.tgz#c39ea8b40ec1ae93cf4e13748664e95f2ee840da"
  integrity sha512-RqF5vQ3+kTRhNmsT7V9KqPnfrDsHZg8XjgEFdr29iKXEupOockQlJBVGTesy73y9nvnMueNKNZkk4VLeHEW6cg==
  dependencies:
    "@aws-sdk/querystring-parser" "3.34.0"
    "@aws-sdk/types" "3.34.0"
    tslib "^2.3.0"

"@aws-sdk/util-base64-browser@3.34.0":
  version "3.34.0"
  resolved "https://registry.yarnpkg.com/@aws-sdk/util-base64-browser/-/util-base64-browser-3.34.0.tgz#9036eb043e1e73c124d3a001e2722fea78ec85f7"
  integrity sha512-3ScDOSlrX4EnwWzYnDfKa3GjiLYnHfk2YEV5G+f/NOEKhsuTsj++PGvdLqbXc4m03rLiDBoMgN204tz78rSgsA==
  dependencies:
    tslib "^2.3.0"

"@aws-sdk/util-base64-node@3.34.0":
  version "3.34.0"
  resolved "https://registry.yarnpkg.com/@aws-sdk/util-base64-node/-/util-base64-node-3.34.0.tgz#888de451a17d79664660007b7f3e1792bc808f40"
  integrity sha512-r7tPqydtuzjMH9BBPw34l8zlN84O8EuJPl2mx1JXFrDE+ADUx1VBU+KK1pnIFoFVb7/FWMVPeaKz1u0EjsSKRQ==
  dependencies:
    "@aws-sdk/util-buffer-from" "3.34.0"
    tslib "^2.3.0"

"@aws-sdk/util-body-length-browser@3.34.0":
  version "3.34.0"
  resolved "https://registry.yarnpkg.com/@aws-sdk/util-body-length-browser/-/util-body-length-browser-3.34.0.tgz#da6b06476fcdd4466ae423734d4c77c85f5af184"
  integrity sha512-Av7x9dKoygju9QBuTIGa7JITxGlIj7NhN22CxX3FThIIJofp5qbnTTiLURivM6jw6Wvf2sZ4mpP34xEeDvXG/A==
  dependencies:
    tslib "^2.3.0"

"@aws-sdk/util-body-length-node@3.34.0":
  version "3.34.0"
  resolved "https://registry.yarnpkg.com/@aws-sdk/util-body-length-node/-/util-body-length-node-3.34.0.tgz#88ab279384584b2b7dcb399345eab82ef5732d46"
  integrity sha512-slrlSnPNQd/6pvTpvK0Z8z7hbrND0dEA+0/4Y3l47hBftznxhiKbLKiCg5a3iBjTxUB0qSQ03YNY/fK3DtPJTA==
  dependencies:
    tslib "^2.3.0"

"@aws-sdk/util-buffer-from@3.34.0":
  version "3.34.0"
  resolved "https://registry.yarnpkg.com/@aws-sdk/util-buffer-from/-/util-buffer-from-3.34.0.tgz#c4f721e892186b304077b875e5a87caa0c148ce9"
  integrity sha512-G1XXPD3IfHYXEGwknC2ogn2CylxrYcdwwWbS1vGji9zP6YX8C/gf+moLtJz3bDlMwSHTLdzdH/RWBIL75djGKg==
  dependencies:
    "@aws-sdk/is-array-buffer" "3.34.0"
    tslib "^2.3.0"

"@aws-sdk/util-credentials@3.34.0":
  version "3.34.0"
  resolved "https://registry.yarnpkg.com/@aws-sdk/util-credentials/-/util-credentials-3.34.0.tgz#74a9b84295093b065e4bffa10cde0e31bccf27fb"
  integrity sha512-Spb7MtRMmAeHekaju85m5WOO8/C277+6pWvBQlh3vADwmxsBdyvDCIZtXLhlqW/zeUUKvr7atkuhW5h2Ck+gfw==
  dependencies:
    "@aws-sdk/shared-ini-file-loader" "3.34.0"
    tslib "^2.3.0"

"@aws-sdk/util-hex-encoding@3.34.0":
  version "3.34.0"
  resolved "https://registry.yarnpkg.com/@aws-sdk/util-hex-encoding/-/util-hex-encoding-3.34.0.tgz#e8f618800485adbd5696f11cba9607b9f80ff5a9"
  integrity sha512-eM1jKmD1SOCluLMqOxmbJRqPbuSyDGp1HELEAYt1zG2xy1pAugiJK7zyCcNZ8Wt/1RQQA1QnPnSTtQFK1GVzbA==
  dependencies:
    tslib "^2.3.0"

"@aws-sdk/util-locate-window@^3.0.0":
  version "3.34.0"
  resolved "https://registry.yarnpkg.com/@aws-sdk/util-locate-window/-/util-locate-window-3.34.0.tgz#612cc17701cd712069fe7eea8b806731dfccd954"
  integrity sha512-/xZs6dJ+00H/vNi4+tRoj32XfkhDCYWiASI/wVMzpZG/F15SOipe9MWxUWrH7FAm+BSp5cHcdnLtzFoJmI5cCQ==
  dependencies:
    tslib "^2.3.0"

"@aws-sdk/util-uri-escape@3.34.0":
  version "3.34.0"
  resolved "https://registry.yarnpkg.com/@aws-sdk/util-uri-escape/-/util-uri-escape-3.34.0.tgz#9a22877f6366fe0f30416c035a66474dde8a7200"
  integrity sha512-UxB5LfwB4BWdQyLJkkHz/U/gigQBkkfVhQHJx0Sg/yMH/PnTuUqdj+MWhezca/9VQShx24uBewXWV4ToybYULA==
  dependencies:
    tslib "^2.3.0"

"@aws-sdk/util-user-agent-browser@3.34.0":
  version "3.34.0"
  resolved "https://registry.yarnpkg.com/@aws-sdk/util-user-agent-browser/-/util-user-agent-browser-3.34.0.tgz#d3ca8f4c77e1cd1b9cce99acdfbbf078dd504ac1"
  integrity sha512-7bSk/d0LPzGnYLkKI0Z91dsoPudoayRywrYjdEbTbD85d+2VDKuxszhACVV4hbcQSc7x0zCumRJE7rx3c2weIQ==
  dependencies:
    "@aws-sdk/types" "3.34.0"
    bowser "^2.11.0"
    tslib "^2.3.0"

"@aws-sdk/util-user-agent-node@3.34.0":
  version "3.34.0"
  resolved "https://registry.yarnpkg.com/@aws-sdk/util-user-agent-node/-/util-user-agent-node-3.34.0.tgz#328d0d986c3614601279d9b9d2a1744efc07610d"
  integrity sha512-EupJGySosLRk9NWYajE4x6gEEW+ZiW4cdNlDUkDWng+qruxNJDxLIO2xRrPBFiA+s/DMy6HRXWROBWpGnqLB5w==
  dependencies:
    "@aws-sdk/node-config-provider" "3.34.0"
    "@aws-sdk/types" "3.34.0"
    tslib "^2.3.0"

"@aws-sdk/util-utf8-browser@3.34.0", "@aws-sdk/util-utf8-browser@^3.0.0":
  version "3.34.0"
  resolved "https://registry.yarnpkg.com/@aws-sdk/util-utf8-browser/-/util-utf8-browser-3.34.0.tgz#6fd3b06cbed53a83f1f438f5ef8f29aa045f5666"
  integrity sha512-auB09BoFk5mPA444WmBpF5dZN+59ojrmpAcJf4zc0S/UfsWzAQDj7Lsj2aSu9O0xWoDmtzUWxfiwQqNIEqcNIA==
  dependencies:
    tslib "^2.3.0"

"@aws-sdk/util-utf8-node@3.34.0":
  version "3.34.0"
  resolved "https://registry.yarnpkg.com/@aws-sdk/util-utf8-node/-/util-utf8-node-3.34.0.tgz#f5f7e5a5a8a076ee990eb14a25d8ffa509e52ddd"
  integrity sha512-Okarq9OUG99UOcen3dYUQCw62Fm9DQk3zyt/7MMgbt9G6Sz6kQ6s1vtC4Ip+HxhALBQPFj8THcf2ijh55L6unQ==
  dependencies:
    "@aws-sdk/util-buffer-from" "3.34.0"
    tslib "^2.3.0"

"@balena/dockerignore@^1.0.2":
  version "1.0.2"
  resolved "https://registry.yarnpkg.com/@balena/dockerignore/-/dockerignore-1.0.2.tgz#9ffe4726915251e8eb69f44ef3547e0da2c03e0d"
  integrity sha512-wMue2Sy4GAVTk6Ic4tJVcnfdau+gx2EnG7S+uAEe+TWJFqE4YoWN4/H8MSLj4eYJKxGg26lZwboEniNiNwZQ6Q==

at-least-node@^1.0.0:
  version "1.0.0"
  resolved "https://registry.yarnpkg.com/at-least-node/-/at-least-node-1.0.0.tgz#602cd4b46e844ad4effc92a8011a3c46e0238dc2"
  integrity sha512-+q/t7Ekv1EDY2l6Gda6LLiX14rU9TV20Wa3ofeQmwPFZbOMo9DXrLbOjFaaclkXKWidIaopwAObQDqwWtGUjqg==

axios@^0.21.4:
  version "0.21.4"
  resolved "https://registry.yarnpkg.com/axios/-/axios-0.21.4.tgz#c67b90dc0568e5c1cf2b0b858c43ba28e2eda575"
  integrity sha512-ut5vewkiu8jjGBdqpM44XxjuCjq9LAKeHVmoVfHVzy8eHgxxq8SbAVQNovDA8mVi05kP0Ea/n/UzcSHcTJQfNg==
  dependencies:
    follow-redirects "^1.14.0"

balanced-match@^1.0.0:
  version "1.0.2"
  resolved "https://registry.yarnpkg.com/balanced-match/-/balanced-match-1.0.2.tgz#e83e3a7e3f300b34cb9d87f615fa0cbf357690ee"
  integrity sha512-3oSeUO0TMV67hN1AmbXsK4yaqU7tjiHlbxRDZOpH0KW9+CeX4bRAaX0Anxt0tx2MrpRpWwQaPwIlISEJhYU5Pw==

bowser@^2.11.0:
  version "2.11.0"
  resolved "https://registry.yarnpkg.com/bowser/-/bowser-2.11.0.tgz#5ca3c35757a7aa5771500c70a73a9f91ef420a8f"
  integrity sha512-AlcaJBi/pqqJBIQ8U9Mcpc9i8Aqxn88Skv5d+xBX006BY5u8N3mGLHa5Lgppa7L/HfwgwLgZ6NYs+Ag6uUmJRA==

brace-expansion@^1.1.7:
  version "1.1.11"
  resolved "https://registry.yarnpkg.com/brace-expansion/-/brace-expansion-1.1.11.tgz#3c7fcbf529d87226f3d2f52b966ff5271eb441dd"
  integrity sha512-iCuPHDFgrHX7H2vEI/5xpz07zSHB00TpugqhmYtVmMO6518mCuRMoOYFldEBl0g187ufozdaHgWKcYFb61qGiA==
  dependencies:
    balanced-match "^1.0.0"
    concat-map "0.0.1"

concat-map@0.0.1:
  version "0.0.1"
  resolved "https://registry.yarnpkg.com/concat-map/-/concat-map-0.0.1.tgz#d8a96bd77fd68df7793a73036a3ba0d5405d477b"
  integrity sha1-2Klr13/Wjfd5OnMDajug1UBdR3s=

constructs@^3.3.69:
  version "3.3.153"
  resolved "https://registry.yarnpkg.com/constructs/-/constructs-3.3.153.tgz#acff23b11149ce0a2ef222a2f300e8b007ac3a74"
  integrity sha512-8gxgf3HclADl8HG+92lzEYjMDArSH3be9ZXCYHh6RY7V7jTitpyTBQYgBSObrnCRNODwbqeBGQZwWizumS0AsQ==

entities@2.2.0:
  version "2.2.0"
  resolved "https://registry.yarnpkg.com/entities/-/entities-2.2.0.tgz#098dc90ebb83d8dffa089d55256b351d34c4da55"
  integrity sha512-p92if5Nz619I0w+akJrLZH0MX0Pb5DX39XOwQTtXSdQQOaYH03S1uIQp4mhOZtAXrxq4ViO67YTiLBo2638o9A==

fast-xml-parser@3.19.0:
  version "3.19.0"
  resolved "https://registry.yarnpkg.com/fast-xml-parser/-/fast-xml-parser-3.19.0.tgz#cb637ec3f3999f51406dd8ff0e6fc4d83e520d01"
  integrity sha512-4pXwmBplsCPv8FOY1WRakF970TjNGnGnfbOnLqjlYvMiF1SR3yOHyxMR/YCXpPTOspNF5gwudqktIP4VsWkvBg==

follow-redirects@^1.14.0:
  version "1.14.4"
  resolved "https://registry.yarnpkg.com/follow-redirects/-/follow-redirects-1.14.4.tgz#838fdf48a8bbdd79e52ee51fb1c94e3ed98b9379"
  integrity sha512-zwGkiSXC1MUJG/qmeIFH2HBJx9u0V46QGUe3YR1fXG8bXQxq7fLj0RjLZQ5nubr9qNJUZrH+xUcwXEoXNpfS+g==

fs-extra@^9.1.0:
  version "9.1.0"
  resolved "https://registry.yarnpkg.com/fs-extra/-/fs-extra-9.1.0.tgz#5954460c764a8da2094ba3554bf839e6b9a7c86d"
  integrity sha512-hcg3ZmepS30/7BSFqRvoo3DOMQu7IjqxO5nCDt+zM9XWjb33Wg7ziNT+Qvqbuc3+gWpzO02JubVyk2G4Zvo1OQ==
  dependencies:
    at-least-node "^1.0.0"
    graceful-fs "^4.2.0"
    jsonfile "^6.0.1"
    universalify "^2.0.0"

graceful-fs@^4.1.6, graceful-fs@^4.2.0:
  version "4.2.8"
  resolved "https://registry.yarnpkg.com/graceful-fs/-/graceful-fs-4.2.8.tgz#e412b8d33f5e006593cbd3cee6df9f2cebbe802a"
  integrity sha512-qkIilPUYcNhJpd33n0GBXTB1MMPp14TxEsEs0pTrsSVucApsYzW5V+Q8Qxhik6KU3evy+qkAAowTByymK0avdg==

ignore@^5.1.8:
  version "5.1.8"
  resolved "https://registry.yarnpkg.com/ignore/-/ignore-5.1.8.tgz#f150a8b50a34289b33e22f5889abd4d8016f0e57"
  integrity sha512-BMpfD7PpiETpBl/A6S498BaIJ6Y/ABT93ETbby2fP00v4EbvPBXWEoaR1UBPKs3iR53pJY7EtZk5KACI57i1Uw==

jsonfile@^6.0.1:
  version "6.1.0"
  resolved "https://registry.yarnpkg.com/jsonfile/-/jsonfile-6.1.0.tgz#bc55b2634793c679ec6403094eb13698a6ec0aae"
  integrity sha512-5dgndWOriYSm5cnYaJNhalLNDKOqFwyDB/rr1E9ZsGciGvKPs8R2xYGCacuf3z6K1YKDz182fd+fY3cn3pMqXQ==
  dependencies:
    universalify "^2.0.0"
  optionalDependencies:
    graceful-fs "^4.1.6"

jsonschema@^1.4.0:
  version "1.4.0"
  resolved "https://registry.yarnpkg.com/jsonschema/-/jsonschema-1.4.0.tgz#1afa34c4bc22190d8e42271ec17ac8b3404f87b2"
  integrity sha512-/YgW6pRMr6M7C+4o8kS+B/2myEpHCrxO4PEWnqJNBFMjn7EWXqlQ4tGwL6xTHeRplwuZmcAncdvfOad1nT2yMw==

lru-cache@^6.0.0:
  version "6.0.0"
  resolved "https://registry.yarnpkg.com/lru-cache/-/lru-cache-6.0.0.tgz#6d6fe6570ebd96aaf90fcad1dafa3b2566db3a94"
  integrity sha512-Jo6dJ04CmSjuznwJSS3pUeWmd/H0ffTlkXXgwZi+eq1UCmqQwCh+eLsYOYCwY991i2Fah4h1BEMCx4qThGbsiA==
  dependencies:
    yallist "^4.0.0"

minimatch@^3.0.4:
  version "3.0.4"
  resolved "https://registry.yarnpkg.com/minimatch/-/minimatch-3.0.4.tgz#5166e286457f03306064be5497e8dbb0c3d32083"
  integrity sha512-yJHVQEhyqPLUTgt9B83PXu6W3rx4MvvHvSUvToogpwoGDOUQ+yDrR0HRot+yOCdCO7u4hX3pWft6kWBBcqh0UA==
  dependencies:
    brace-expansion "^1.1.7"

semver@^7.3.5:
  version "7.3.5"
  resolved "https://registry.yarnpkg.com/semver/-/semver-7.3.5.tgz#0b621c879348d8998e4b0e4be94b3f12e6018ef7"
  integrity sha512-PoeGJYh8HK4BTO/a9Tf6ZG3veo/A7ZVsYrSA6J8ny9nb3B1VrpkuN+z9OE5wfE5p6H4LchYZsegiQgbJD94ZFQ==
  dependencies:
    lru-cache "^6.0.0"

tslib@^1.11.1:
  version "1.14.1"
  resolved "https://registry.yarnpkg.com/tslib/-/tslib-1.14.1.tgz#cf2d38bdc34a134bcaf1091c41f6619e2f672d00"
  integrity sha512-Xni35NKzjgMrwevysHTCArtLDpPvye8zV/0E4EyYn43P7/7qvQwPh9BGkHewbMulVntbigmcT7rdX3BNo9wRJg==

tslib@^2.3.0:
  version "2.3.1"
  resolved "https://registry.yarnpkg.com/tslib/-/tslib-2.3.1.tgz#e8a335add5ceae51aa261d32a490158ef042ef01"
  integrity sha512-77EbyPPpMz+FRFRuAFlWMtmgUWGe9UOG2Z25NqCwiIjRhOf5iKGuzSe5P2w1laq+FkRy4p+PCuVkJSGkzTEKVw==

universalify@^2.0.0:
  version "2.0.0"
  resolved "https://registry.yarnpkg.com/universalify/-/universalify-2.0.0.tgz#75a4984efedc4b08975c5aeb73f530d02df25717"
  integrity sha512-hAZsKq7Yy11Zu1DE0OzWjw7nnLZmJZYTDZZyEFHZdUhV8FkH5MCfoU1XMaxXovpyW5nq5scPqq0ZDP9Zyl04oQ==

uuid@^8.3.2:
  version "8.3.2"
  resolved "https://registry.yarnpkg.com/uuid/-/uuid-8.3.2.tgz#80d5b5ced271bb9af6c445f21a1a04c606cefbe2"
  integrity sha512-+NYs2QeMWy+GWFOEm9xnn6HCDp0l7QBD7ml8zLUmJ+93Q5NF0NocErnwkTkXVFNiX3/fpC6afS8Dhb/gz7R7eg==

yallist@^4.0.0:
  version "4.0.0"
  resolved "https://registry.yarnpkg.com/yallist/-/yallist-4.0.0.tgz#9bb92790d9c0effec63be73519e11a35019a3a72"
  integrity sha512-3wdGidZyq5PB084XLES5TpOSRA3wjXAlIWMhum2kRcv/41Sn2emQ0dycQW4uZXLejwKvg6EsvbdlVL+FYEct7A==
